
Microsoft Visual Studio Solution File, Format Version 12.00
Project("{FAE04EC0-301F-11D3-BF4B-00C04F79EFBC}") = "AI.Tutorial", "AI.Tutorial\AI.Tutorial.csproj", "{83503C43-1336-4455-A80E-20DD50C21332}"
EndProject
Global
	GlobalSection(SolutionConfigurationPlatforms) = preSolution
		Debug|Any CPU = Debug|Any CPU
		Release|Any CPU = Release|Any CPU
	EndGlobalSection
	GlobalSection(ProjectConfigurationPlatforms) = postSolution
		{83503C43-1336-4455-A80E-20DD50C21332}.Debug|Any CPU.ActiveCfg = Debug|Any CPU
		{83503C43-1336-4455-A80E-20DD50C21332}.Debug|Any CPU.Build.0 = Debug|Any CPU
		{83503C43-1336-4455-A80E-20DD50C21332}.Release|Any CPU.ActiveCfg = Release|Any CPU
		{83503C43-1336-4455-A80E-20DD50C21332}.Release|Any CPU.Build.0 = Release|Any CPU
	EndGlobalSection
EndGlobal
